
Microsoft Visual Studio Solution File, Format Version 12.00
# Visual Studio Version 16
VisualStudioVersion = 16.0.31729.503
MinimumVisualStudioVersion = 10.0.40219.1
Project("{FAE04EC0-301F-11D3-BF4B-00C04F79EFBC}") = "ReallyJustATest_NoNeedtoSave", "ReallyJustATest_NoNeedtoSave\ReallyJustATest_NoNeedtoSave.csproj", "{EEA90FBA-4CEC-4564-A9BE-E4E24B15647E}"
EndProject
Global
	GlobalSection(SolutionConfigurationPlatforms) = preSolution
		Debug|Any CPU = Debug|Any CPU
		Release|Any CPU = Release|Any CPU
	EndGlobalSection
	GlobalSection(ProjectConfigurationPlatforms) = postSolution
		{EEA90FBA-4CEC-4564-A9BE-E4E24B15647E}.Debug|Any CPU.ActiveCfg = Debug|Any CPU
		{EEA90FBA-4CEC-4564-A9BE-E4E24B15647E}.Debug|Any CPU.Build.0 = Debug|Any CPU
		{EEA90FBA-4CEC-4564-A9BE-E4E24B15647E}.Release|Any CPU.ActiveCfg = Release|Any CPU
		{EEA90FBA-4CEC-4564-A9BE-E4E24B15647E}.Release|Any CPU.Build.0 = Release|Any CPU
	EndGlobalSection
	GlobalSection(SolutionProperties) = preSolution
		HideSolutionNode = FALSE
	EndGlobalSection
	GlobalSection(ExtensibilityGlobals) = postSolution
		SolutionGuid = {43E66A96-DC14-4F9C-B2AC-59F752B3F8D9}
	EndGlobalSection
EndGlobal
