
Microsoft Visual Studio Solution File, Format Version 12.00
# Visual Studio Version 16
VisualStudioVersion = 16.0.31729.503
MinimumVisualStudioVersion = 10.0.40219.1
Project("{9A19103F-16F7-4668-BE54-9A1E7A4F7556}") = "unitylesson_csharp_variables", "unitylesson_csharp_variables\unitylesson_csharp_variables.csproj", "{5F41F8D1-FC5D-4523-8881-C9831146EDB2}"
EndProject
Project("{9A19103F-16F7-4668-BE54-9A1E7A4F7556}") = "unity lesson function", "unity lesson function\unity lesson function.csproj", "{30087C9D-048A-4419-A3AD-AD2432ADDC3B}"
EndProject
Project("{9A19103F-16F7-4668-BE54-9A1E7A4F7556}") = "1213", "1213\1213.csproj", "{BE3F6D24-7DFB-4ED6-80F0-08019AF488F0}"
EndProject
Project("{9A19103F-16F7-4668-BE54-9A1E7A4F7556}") = "instance object", "instance object\instance object.csproj", "{71E5B6CD-0369-4162-9159-BE6A1F43B452}"
EndProject
Project("{9A19103F-16F7-4668-BE54-9A1E7A4F7556}") = "variablefunction", "unitylesson\variablefunction.csproj", "{D9B00F08-1EDC-4CC6-A1CC-0E064C5E8200}"
EndProject
Project("{9A19103F-16F7-4668-BE54-9A1E7A4F7556}") = "unitylesson_Csharp_static_Example", "unity lesson_static_Example\unitylesson_Csharp_static_Example.csproj", "{084BE5DC-A19F-46ED-989E-188B5D77312B}"
EndProject
Project("{FAE04EC0-301F-11D3-BF4B-00C04F79EFBC}") = "UnityLesson_ClassExample1", "UnityLesson_ClassExample1\UnityLesson_ClassExample1.csproj", "{5EF8907F-6E7A-4561-9243-F667D36ACCFE}"
EndProject
Global
	GlobalSection(SolutionConfigurationPlatforms) = preSolution
		Debug|Any CPU = Debug|Any CPU
		Release|Any CPU = Release|Any CPU
	EndGlobalSection
	GlobalSection(ProjectConfigurationPlatforms) = postSolution
		{5F41F8D1-FC5D-4523-8881-C9831146EDB2}.Debug|Any CPU.ActiveCfg = Debug|Any CPU
		{5F41F8D1-FC5D-4523-8881-C9831146EDB2}.Debug|Any CPU.Build.0 = Debug|Any CPU
		{5F41F8D1-FC5D-4523-8881-C9831146EDB2}.Release|Any CPU.ActiveCfg = Release|Any CPU
		{5F41F8D1-FC5D-4523-8881-C9831146EDB2}.Release|Any CPU.Build.0 = Release|Any CPU
		{30087C9D-048A-4419-A3AD-AD2432ADDC3B}.Debug|Any CPU.ActiveCfg = Debug|Any CPU
		{30087C9D-048A-4419-A3AD-AD2432ADDC3B}.Debug|Any CPU.Build.0 = Debug|Any CPU
		{30087C9D-048A-4419-A3AD-AD2432ADDC3B}.Release|Any CPU.ActiveCfg = Release|Any CPU
		{30087C9D-048A-4419-A3AD-AD2432ADDC3B}.Release|Any CPU.Build.0 = Release|Any CPU
		{BE3F6D24-7DFB-4ED6-80F0-08019AF488F0}.Debug|Any CPU.ActiveCfg = Debug|Any CPU
		{BE3F6D24-7DFB-4ED6-80F0-08019AF488F0}.Debug|Any CPU.Build.0 = Debug|Any CPU
		{BE3F6D24-7DFB-4ED6-80F0-08019AF488F0}.Release|Any CPU.ActiveCfg = Release|Any CPU
		{BE3F6D24-7DFB-4ED6-80F0-08019AF488F0}.Release|Any CPU.Build.0 = Release|Any CPU
		{71E5B6CD-0369-4162-9159-BE6A1F43B452}.Debug|Any CPU.ActiveCfg = Debug|Any CPU
		{71E5B6CD-0369-4162-9159-BE6A1F43B452}.Debug|Any CPU.Build.0 = Debug|Any CPU
		{71E5B6CD-0369-4162-9159-BE6A1F43B452}.Release|Any CPU.ActiveCfg = Release|Any CPU
		{71E5B6CD-0369-4162-9159-BE6A1F43B452}.Release|Any CPU.Build.0 = Release|Any CPU
		{D9B00F08-1EDC-4CC6-A1CC-0E064C5E8200}.Debug|Any CPU.ActiveCfg = Debug|Any CPU
		{D9B00F08-1EDC-4CC6-A1CC-0E064C5E8200}.Debug|Any CPU.Build.0 = Debug|Any CPU
		{D9B00F08-1EDC-4CC6-A1CC-0E064C5E8200}.Release|Any CPU.ActiveCfg = Release|Any CPU
		{D9B00F08-1EDC-4CC6-A1CC-0E064C5E8200}.Release|Any CPU.Build.0 = Release|Any CPU
		{084BE5DC-A19F-46ED-989E-188B5D77312B}.Debug|Any CPU.ActiveCfg = Debug|Any CPU
		{084BE5DC-A19F-46ED-989E-188B5D77312B}.Debug|Any CPU.Build.0 = Debug|Any CPU
		{084BE5DC-A19F-46ED-989E-188B5D77312B}.Release|Any CPU.ActiveCfg = Release|Any CPU
		{084BE5DC-A19F-46ED-989E-188B5D77312B}.Release|Any CPU.Build.0 = Release|Any CPU
		{5EF8907F-6E7A-4561-9243-F667D36ACCFE}.Debug|Any CPU.ActiveCfg = Debug|Any CPU
		{5EF8907F-6E7A-4561-9243-F667D36ACCFE}.Debug|Any CPU.Build.0 = Debug|Any CPU
		{5EF8907F-6E7A-4561-9243-F667D36ACCFE}.Release|Any CPU.ActiveCfg = Release|Any CPU
		{5EF8907F-6E7A-4561-9243-F667D36ACCFE}.Release|Any CPU.Build.0 = Release|Any CPU
	EndGlobalSection
	GlobalSection(SolutionProperties) = preSolution
		HideSolutionNode = FALSE
	EndGlobalSection
	GlobalSection(ExtensibilityGlobals) = postSolution
		SolutionGuid = {E021CE4B-B308-4E3F-BA54-BD8E1299F612}
	EndGlobalSection
EndGlobal
